
Microsoft Visual Studio Solution File, Format Version 12.00
# Visual Studio Version 16
VisualStudioVersion = 16.0.31205.134
MinimumVisualStudioVersion = 10.0.40219.1
Project("{8BC9CEB8-8B4A-11D0-8D11-00A0C91BC942}") = "Game_1", "Game_1\Game_1.vcxproj", "{9E9F6A27-06CB-4DF9-8A9B-DC2083C35C84}"
EndProject
Project("{8BC9CEB8-8B4A-11D0-8D11-00A0C91BC942}") = "Game2", "Game2\Game2.vcxproj", "{6398D0F3-6038-454C-8F8C-D4C2548053D1}"
EndProject
Global
	GlobalSection(SolutionConfigurationPlatforms) = preSolution
		Debug|x64 = Debug|x64
		Debug|x86 = Debug|x86
		Release|x64 = Release|x64
		Release|x86 = Release|x86
	EndGlobalSection
	GlobalSection(ProjectConfigurationPlatforms) = postSolution
		{9E9F6A27-06CB-4DF9-8A9B-DC2083C35C84}.Debug|x64.ActiveCfg = Debug|x64
		{9E9F6A27-06CB-4DF9-8A9B-DC2083C35C84}.Debug|x64.Build.0 = Debug|x64
		{9E9F6A27-06CB-4DF9-8A9B-DC2083C35C84}.Debug|x86.ActiveCfg = Debug|Win32
		{9E9F6A27-06CB-4DF9-8A9B-DC2083C35C84}.Debug|x86.Build.0 = Debug|Win32
		{9E9F6A27-06CB-4DF9-8A9B-DC2083C35C84}.Release|x64.ActiveCfg = Release|x64
		{9E9F6A27-06CB-4DF9-8A9B-DC2083C35C84}.Release|x64.Build.0 = Release|x64
		{9E9F6A27-06CB-4DF9-8A9B-DC2083C35C84}.Release|x86.ActiveCfg = Release|Win32
		{9E9F6A27-06CB-4DF9-8A9B-DC2083C35C84}.Release|x86.Build.0 = Release|Win32
		{6398D0F3-6038-454C-8F8C-D4C2548053D1}.Debug|x64.ActiveCfg = Debug|x64
		{6398D0F3-6038-454C-8F8C-D4C2548053D1}.Debug|x64.Build.0 = Debug|x64
		{6398D0F3-6038-454C-8F8C-D4C2548053D1}.Debug|x86.ActiveCfg = Debug|Win32
		{6398D0F3-6038-454C-8F8C-D4C2548053D1}.Debug|x86.Build.0 = Debug|Win32
		{6398D0F3-6038-454C-8F8C-D4C2548053D1}.Release|x64.ActiveCfg = Release|x64
		{6398D0F3-6038-454C-8F8C-D4C2548053D1}.Release|x64.Build.0 = Release|x64
		{6398D0F3-6038-454C-8F8C-D4C2548053D1}.Release|x86.ActiveCfg = Release|Win32
		{6398D0F3-6038-454C-8F8C-D4C2548053D1}.Release|x86.Build.0 = Release|Win32
	EndGlobalSection
	GlobalSection(SolutionProperties) = preSolution
		HideSolutionNode = FALSE
	EndGlobalSection
	GlobalSection(ExtensibilityGlobals) = postSolution
		SolutionGuid = {C998CAC4-358B-4797-9000-4CAB03CE7F73}
	EndGlobalSection
EndGlobal
